
Microsoft Visual Studio Solution File, Format Version 12.00
# Visual Studio Version 16
VisualStudioVersion = 16.0.31702.278
MinimumVisualStudioVersion = 10.0.40219.1
Project("{FAE04EC0-301F-11D3-BF4B-00C04F79EFBC}") = "ClientX", "ClientX.csproj", "{8FE389C9-6C4A-4E2D-BDEB-967C57091794}"
EndProject
Project("{FAE04EC0-301F-11D3-BF4B-00C04F79EFBC}") = "ClientXTestes", "ClientXTestes\ClientXTestes.csproj", "{AB37B814-51B2-497F-990B-E10912C808DB}"
EndProject
Global
	GlobalSection(SolutionConfigurationPlatforms) = preSolution
		Debug|Any CPU = Debug|Any CPU
		Release|Any CPU = Release|Any CPU
	EndGlobalSection
	GlobalSection(ProjectConfigurationPlatforms) = postSolution
		{8FE389C9-6C4A-4E2D-BDEB-967C57091794}.Debug|Any CPU.ActiveCfg = Debug|Any CPU
		{8FE389C9-6C4A-4E2D-BDEB-967C57091794}.Debug|Any CPU.Build.0 = Debug|Any CPU
		{8FE389C9-6C4A-4E2D-BDEB-967C57091794}.Release|Any CPU.ActiveCfg = Release|Any CPU
		{8FE389C9-6C4A-4E2D-BDEB-967C57091794}.Release|Any CPU.Build.0 = Release|Any CPU
		{AB37B814-51B2-497F-990B-E10912C808DB}.Debug|Any CPU.ActiveCfg = Debug|Any CPU
		{AB37B814-51B2-497F-990B-E10912C808DB}.Debug|Any CPU.Build.0 = Debug|Any CPU
		{AB37B814-51B2-497F-990B-E10912C808DB}.Release|Any CPU.ActiveCfg = Release|Any CPU
		{AB37B814-51B2-497F-990B-E10912C808DB}.Release|Any CPU.Build.0 = Release|Any CPU
	EndGlobalSection
	GlobalSection(SolutionProperties) = preSolution
		HideSolutionNode = FALSE
	EndGlobalSection
	GlobalSection(ExtensibilityGlobals) = postSolution
		SolutionGuid = {98206211-2C31-4896-B9B3-B9D8394E46CE}
	EndGlobalSection
EndGlobal
